// !$*UTF8*$!
{
	archiveVersion = 1;
	classes = {
	};
	objectVersion = 46;
	objects = {

/* Begin PBXBuildFile section */
		06768EA21DA70FDD00BE951F /* AppDelegate.swift in Sources */ = {isa = PBXBuildFile; fileRef = 06768EA11DA70FDD00BE951F /* AppDelegate.swift */; };
		06768EA41DA70FDD00BE951F /* ViewController.swift in Sources */ = {isa = PBXBuildFile; fileRef = 06768EA31DA70FDD00BE951F /* ViewController.swift */; };
		06768EA71DA70FDD00BE951F /* Main.storyboard in Resources */ = {isa = PBXBuildFile; fileRef = 06768EA51DA70FDD00BE951F /* Main.storyboard */; };
		06768EA91DA70FDD00BE951F /* Assets.xcassets in Resources */ = {isa = PBXBuildFile; fileRef = 06768EA81DA70FDD00BE951F /* Assets.xcassets */; };
		06768EAC1DA70FDD00BE951F /* LaunchScreen.storyboard in Resources */ = {isa = PBXBuildFile; fileRef = 06768EAA1DA70FDD00BE951F /* LaunchScreen.storyboard */; };
		06768EB71DA70FDE00BE951F /* FPSwift3Tests.swift in Sources */ = {isa = PBXBuildFile; fileRef = 06768EB61DA70FDE00BE951F /* FPSwift3Tests.swift */; };
		06768EC21DA7248E00BE951F /* Motivation.swift in Sources */ = {isa = PBXBuildFile; fileRef = 06768EC11DA7248E00BE951F /* Motivation.swift */; };
		3851032936F9AF791F9C81A8 /* Pods_FPSwift3.framework in Frameworks */ = {isa = PBXBuildFile; fileRef = 60B7F058200C9F1F957487A5 /* Pods_FPSwift3.framework */; };
		85474BDF04AF9AC69B2E7A83 /* Pods_FPSwift3Tests.framework in Frameworks */ = {isa = PBXBuildFile; fileRef = D2431B9054514C5D98A3DC2F /* Pods_FPSwift3Tests.framework */; };
/* End PBXBuildFile section */

/* Begin PBXContainerItemProxy section */
		06768EB31DA70FDE00BE951F /* PBXContainerItemProxy */ = {
			isa = PBXContainerItemProxy;
			containerPortal = 06768E961DA70FDD00BE951F /* Project object */;
			proxyType = 1;
			remoteGlobalIDString = 06768E9D1DA70FDD00BE951F;
			remoteInfo = FPSwift3;
		};
/* End PBXContainerItemProxy section */

/* Begin PBXFileReference section */
		06768E9E1DA70FDD00BE951F /* FPSwift3.app */ = {isa = PBXFileReference; explicitFileType = wrapper.application; includeInIndex = 0; path = FPSwift3.app; sourceTree = BUILT_PRODUCTS_DIR; };
		06768EA11DA70FDD00BE951F /* AppDelegate.swift */ = {isa = PBXFileReference; lastKnownFileType = sourcecode.swift; path = AppDelegate.swift; sourceTree = "<group>"; };
		06768EA31DA70FDD00BE951F /* ViewController.swift */ = {isa = PBXFileReference; lastKnownFileType = sourcecode.swift; path = ViewController.swift; sourceTree = "<group>"; };
		06768EA61DA70FDD00BE951F /* Base */ = {isa = PBXFileReference; lastKnownFileType = file.storyboard; name = Base; path = Base.lproj/Main.storyboard; sourceTree = "<group>"; };
		06768EA81DA70FDD00BE951F /* Assets.xcassets */ = {isa = PBXFileReference; lastKnownFileType = folder.assetcatalog; path = Assets.xcassets; sourceTree = "<group>"; };
		06768EAB1DA70FDD00BE951F /* Base */ = {isa = PBXFileReference; lastKnownFileType = file.storyboard; name = Base; path = Base.lproj/LaunchScreen.storyboard; sourceTree = "<group>"; };
		06768EAD1DA70FDD00BE951F /* Info.plist */ = {isa = PBXFileReference; lastKnownFileType = text.plist.xml; path = Info.plist; sourceTree = "<group>"; };
		06768EB21DA70FDE00BE951F /* FPSwift3Tests.xctest */ = {isa = PBXFileReference; explicitFileType = wrapper.cfbundle; includeInIndex = 0; path = FPSwift3Tests.xctest; sourceTree = BUILT_PRODUCTS_DIR; };
		06768EB61DA70FDE00BE951F /* FPSwift3Tests.swift */ = {isa = PBXFileReference; lastKnownFileType = sourcecode.swift; path = FPSwift3Tests.swift; sourceTree = "<group>"; };
		06768EB81DA70FDE00BE951F /* Info.plist */ = {isa = PBXFileReference; lastKnownFileType = text.plist.xml; path = Info.plist; sourceTree = "<group>"; };
		06768EC11DA7248E00BE951F /* Motivation.swift */ = {isa = PBXFileReference; fileEncoding = 4; lastKnownFileType = sourcecode.swift; path = Motivation.swift; sourceTree = "<group>"; };
		33E9F76655E0D72F52E10B36 /* Pods-FPSwift3.release.xcconfig */ = {isa = PBXFileReference; includeInIndex = 1; lastKnownFileType = text.xcconfig; name = "Pods-FPSwift3.release.xcconfig"; path = "Pods/Target Support Files/Pods-FPSwift3/Pods-FPSwift3.release.xcconfig"; sourceTree = "<group>"; };
		60B7F058200C9F1F957487A5 /* Pods_FPSwift3.framework */ = {isa = PBXFileReference; explicitFileType = wrapper.framework; includeInIndex = 0; path = Pods_FPSwift3.framework; sourceTree = BUILT_PRODUCTS_DIR; };
		945250B03F1FB24CF3442BF8 /* Pods-FPSwift3Tests.release.xcconfig */ = {isa = PBXFileReference; includeInIndex = 1; lastKnownFileType = text.xcconfig; name = "Pods-FPSwift3Tests.release.xcconfig"; path = "Pods/Target Support Files/Pods-FPSwift3Tests/Pods-FPSwift3Tests.release.xcconfig"; sourceTree = "<group>"; };
		ADBD15514B8BE79833602F61 /* Pods-FPSwift3.debug.xcconfig */ = {isa = PBXFileReference; includeInIndex = 1; lastKnownFileType = text.xcconfig; name = "Pods-FPSwift3.debug.xcconfig"; path = "Pods/Target Support Files/Pods-FPSwift3/Pods-FPSwift3.debug.xcconfig"; sourceTree = "<group>"; };
		D2431B9054514C5D98A3DC2F /* Pods_FPSwift3Tests.framework */ = {isa = PBXFileReference; explicitFileType = wrapper.framework; includeInIndex = 0; path = Pods_FPSwift3Tests.framework; sourceTree = BUILT_PRODUCTS_DIR; };
		F368948A6B7967A35057B57E /* Pods-FPSwift3Tests.debug.xcconfig */ = {isa = PBXFileReference; includeInIndex = 1; lastKnownFileType = text.xcconfig; name = "Pods-FPSwift3Tests.debug.xcconfig"; path = "Pods/Target Support Files/Pods-FPSwift3Tests/Pods-FPSwift3Tests.debug.xcconfig"; sourceTree = "<group>"; };
/* End PBXFileReference section */

/* Begin PBXFrameworksBuildPhase section */
		06768E9B1DA70FDD00BE951F /* Frameworks */ = {
			isa = PBXFrameworksBuildPhase;
			buildActionMask = 2147483647;
			files = (
				3851032936F9AF791F9C81A8 /* Pods_FPSwift3.framework in Frameworks */,
			);
			runOnlyForDeploymentPostprocessing = 0;
		};
		06768EAF1DA70FDE00BE951F /* Frameworks */ = {
			isa = PBXFrameworksBuildPhase;
			buildActionMask = 2147483647;
			files = (
				85474BDF04AF9AC69B2E7A83 /* Pods_FPSwift3Tests.framework in Frameworks */,
			);
			runOnlyForDeploymentPostprocessing = 0;
		};
/* End PBXFrameworksBuildPhase section */

/* Begin PBXGroup section */
		03301675AA1647D20C056AF2 /* Pods */ = {
			isa = PBXGroup;
			children = (
				ADBD15514B8BE79833602F61 /* Pods-FPSwift3.debug.xcconfig */,
				33E9F76655E0D72F52E10B36 /* Pods-FPSwift3.release.xcconfig */,
				F368948A6B7967A35057B57E /* Pods-FPSwift3Tests.debug.xcconfig */,
				945250B03F1FB24CF3442BF8 /* Pods-FPSwift3Tests.release.xcconfig */,
			);
			name = Pods;
			sourceTree = "<group>";
		};
		06768E951DA70FDD00BE951F = {
			isa = PBXGroup;
			children = (
				06768EA01DA70FDD00BE951F /* FPSwift3 */,
				06768EB51DA70FDE00BE951F /* FPSwift3Tests */,
				06768E9F1DA70FDD00BE951F /* Products */,
				03301675AA1647D20C056AF2 /* Pods */,
				1D84FC44D1238A9A5C4D57D0 /* Frameworks */,
			);
			sourceTree = "<group>";
		};
		06768E9F1DA70FDD00BE951F /* Products */ = {
			isa = PBXGroup;
			children = (
				06768E9E1DA70FDD00BE951F /* FPSwift3.app */,
				06768EB21DA70FDE00BE951F /* FPSwift3Tests.xctest */,
			);
			name = Products;
			sourceTree = "<group>";
		};
		06768EA01DA70FDD00BE951F /* FPSwift3 */ = {
			isa = PBXGroup;
			children = (
				06768EA11DA70FDD00BE951F /* AppDelegate.swift */,
				06768EA31DA70FDD00BE951F /* ViewController.swift */,
				06768EA51DA70FDD00BE951F /* Main.storyboard */,
				06768EA81DA70FDD00BE951F /* Assets.xcassets */,
				06768EAA1DA70FDD00BE951F /* LaunchScreen.storyboard */,
				06768EAD1DA70FDD00BE951F /* Info.plist */,
				06768EC11DA7248E00BE951F /* Motivation.swift */,
			);
			path = FPSwift3;
			sourceTree = "<group>";
		};
		06768EB51DA70FDE00BE951F /* FPSwift3Tests */ = {
			isa = PBXGroup;
			children = (
				06768EB61DA70FDE00BE951F /* FPSwift3Tests.swift */,
				06768EB81DA70FDE00BE951F /* Info.plist */,
			);
			path = FPSwift3Tests;
			sourceTree = "<group>";
		};
		1D84FC44D1238A9A5C4D57D0 /* Frameworks */ = {
			isa = PBXGroup;
			children = (
				60B7F058200C9F1F957487A5 /* Pods_FPSwift3.framework */,
				D2431B9054514C5D98A3DC2F /* Pods_FPSwift3Tests.framework */,
			);
			name = Frameworks;
			sourceTree = "<group>";
		};
/* End PBXGroup section */

/* Begin PBXNativeTarget section */
		06768E9D1DA70FDD00BE951F /* FPSwift3 */ = {
			isa = PBXNativeTarget;
			buildConfigurationList = 06768EBB1DA70FDE00BE951F /* Build configuration list for PBXNativeTarget "FPSwift3" */;
			buildPhases = (
				22BAC93E69D3250905416D6F /* [CP] Check Pods Manifest.lock */,
				06768E9A1DA70FDD00BE951F /* Sources */,
				06768E9B1DA70FDD00BE951F /* Frameworks */,
				06768E9C1DA70FDD00BE951F /* Resources */,
				A3FA2531DB8A1459503ED989 /* [CP] Embed Pods Frameworks */,
				0774C1A6DF628C414A9660A5 /* [CP] Copy Pods Resources */,
			);
			buildRules = (
			);
			dependencies = (
			);
			name = FPSwift3;
			productName = FPSwift3;
			productReference = 06768E9E1DA70FDD00BE951F /* FPSwift3.app */;
			productType = "com.apple.product-type.application";
		};
		06768EB11DA70FDE00BE951F /* FPSwift3Tests */ = {
			isa = PBXNativeTarget;
			buildConfigurationList = 06768EBE1DA70FDE00BE951F /* Build configuration list for PBXNativeTarget "FPSwift3Tests" */;
			buildPhases = (
				2AC2C9F0E0E4F97AF3A097CF /* [CP] Check Pods Manifest.lock */,
				06768EAE1DA70FDE00BE951F /* Sources */,
				06768EAF1DA70FDE00BE951F /* Frameworks */,
				06768EB01DA70FDE00BE951F /* Resources */,
				0EAD2398A98809FAD413F48D /* [CP] Embed Pods Frameworks */,
				0A5F9352A5F92EEEC06D914F /* [CP] Copy Pods Resources */,
			);
			buildRules = (
			);
			dependencies = (
				06768EB41DA70FDE00BE951F /* PBXTargetDependency */,
			);
			name = FPSwift3Tests;
			productName = FPSwift3Tests;
			productReference = 06768EB21DA70FDE00BE951F /* FPSwift3Tests.xctest */;
			productType = "com.apple.product-type.bundle.unit-test";
		};
/* End PBXNativeTarget section */

/* Begin PBXProject section */
		06768E961DA70FDD00BE951F /* Project object */ = {
			isa = PBXProject;
			attributes = {
				LastSwiftUpdateCheck = 0800;
				LastUpgradeCheck = 0800;
				ORGANIZATIONNAME = BlackFireApps;
				TargetAttributes = {
					06768E9D1DA70FDD00BE951F = {
						CreatedOnToolsVersion = 8.0;
						DevelopmentTeam = 9BAHU39A66;
						ProvisioningStyle = Automatic;
					};
					06768EB11DA70FDE00BE951F = {
						CreatedOnToolsVersion = 8.0;
						DevelopmentTeam = 9BAHU39A66;
						ProvisioningStyle = Automatic;
						TestTargetID = 06768E9D1DA70FDD00BE951F;
					};
				};
			};
			buildConfigurationList = 06768E991DA70FDD00BE951F /* Build configuration list for PBXProject "FPSwift3" */;
			compatibilityVersion = "Xcode 3.2";
			developmentRegion = English;
			hasScannedForEncodings = 0;
			knownRegions = (
				en,
				Base,
			);
			mainGroup = 06768E951DA70FDD00BE951F;
			productRefGroup = 06768E9F1DA70FDD00BE951F /* Products */;
			projectDirPath = "";
			projectRoot = "";
			targets = (
				06768E9D1DA70FDD00BE951F /* FPSwift3 */,
				06768EB11DA70FDE00BE951F /* FPSwift3Tests */,
			);
		};
/* End PBXProject section */

/* Begin PBXResourcesBuildPhase section */
		06768E9C1DA70FDD00BE951F /* Resources */ = {
			isa = PBXResourcesBuildPhase;
			buildActionMask = 2147483647;
			files = (
				06768EAC1DA70FDD00BE951F /* LaunchScreen.storyboard in Resources */,
				06768EA91DA70FDD00BE951F /* Assets.xcassets in Resources */,
				06768EA71DA70FDD00BE951F /* Main.storyboard in Resources */,
			);
			runOnlyForDeploymentPostprocessing = 0;
		};
		06768EB01DA70FDE00BE951F /* Resources */ = {
			isa = PBXResourcesBuildPhase;
			buildActionMask = 2147483647;
			files = (
			);
			runOnlyForDeploymentPostprocessing = 0;
		};
/* End PBXResourcesBuildPhase section */

/* Begin PBXShellScriptBuildPhase section */
		0774C1A6DF628C414A9660A5 /* [CP] Copy Pods Resources */ = {
			isa = PBXShellScriptBuildPhase;
			buildActionMask = 2147483647;
			files = (
			);
			inputPaths = (
			);
			name = "[CP] Copy Pods Resources";
			outputPaths = (
			);
			runOnlyForDeploymentPostprocessing = 0;
			shellPath = /bin/sh;
			shellScript = "\"${SRCROOT}/Pods/Target Support Files/Pods-FPSwift3/Pods-FPSwift3-resources.sh\"\n";
			showEnvVarsInLog = 0;
		};
		0A5F9352A5F92EEEC06D914F /* [CP] Copy Pods Resources */ = {
			isa = PBXShellScriptBuildPhase;
			buildActionMask = 2147483647;
			files = (
			);
			inputPaths = (
			);
			name = "[CP] Copy Pods Resources";
			outputPaths = (
			);
			runOnlyForDeploymentPostprocessing = 0;
			shellPath = /bin/sh;
			shellScript = "\"${SRCROOT}/Pods/Target Support Files/Pods-FPSwift3Tests/Pods-FPSwift3Tests-resources.sh\"\n";
			showEnvVarsInLog = 0;
		};
		0EAD2398A98809FAD413F48D /* [CP] Embed Pods Frameworks */ = {
			isa = PBXShellScriptBuildPhase;
			buildActionMask = 2147483647;
			files = (
			);
			inputPaths = (
			);
			name = "[CP] Embed Pods Frameworks";
			outputPaths = (
			);
			runOnlyForDeploymentPostprocessing = 0;
			shellPath = /bin/sh;
			shellScript = "\"${SRCROOT}/Pods/Target Support Files/Pods-FPSwift3Tests/Pods-FPSwift3Tests-frameworks.sh\"\n";
			showEnvVarsInLog = 0;
		};
		22BAC93E69D3250905416D6F /* [CP] Check Pods Manifest.lock */ = {
			isa = PBXShellScriptBuildPhase;
			buildActionMask = 2147483647;
			files = (
			);
			inputPaths = (
			);
			name = "[CP] Check Pods Manifest.lock";
			outputPaths = (
			);
			runOnlyForDeploymentPostprocessing = 0;
			shellPath = /bin/sh;
			shellScript = "diff \"${PODS_ROOT}/../Podfile.lock\" \"${PODS_ROOT}/Manifest.lock\" > /dev/null\nif [[ $? != 0 ]] ; then\n    cat << EOM\nerror: The sandbox is not in sync with the Podfile.lock. Run 'pod install' or update your CocoaPods installation.\nEOM\n    exit 1\nfi\n";
			showEnvVarsInLog = 0;
		};
		2AC2C9F0E0E4F97AF3A097CF /* [CP] Check Pods Manifest.lock */ = {
			isa = PBXShellScriptBuildPhase;
			buildActionMask = 2147483647;
			files = (
			);
			inputPaths = (
			);
			name = "[CP] Check Pods Manifest.lock";
			outputPaths = (
			);
			runOnlyForDeploymentPostprocessing = 0;
			shellPath = /bin/sh;
			shellScript = "diff \"${PODS_ROOT}/../Podfile.lock\" \"${PODS_ROOT}/Manifest.lock\" > /dev/null\nif [[ $? != 0 ]] ; then\n    cat << EOM\nerror: The sandbox is not in sync with the Podfile.lock. Run 'pod install' or update your CocoaPods installation.\nEOM\n    exit 1\nfi\n";
			showEnvVarsInLog = 0;
		};
		A3FA2531DB8A1459503ED989 /* [CP] Embed Pods Frameworks */ = {
			isa = PBXShellScriptBuildPhase;
			buildActionMask = 2147483647;
			files = (
			);
			inputPaths = (
			);
			name = "[CP] Embed Pods Frameworks";
			outputPaths = (
			);
			runOnlyForDeploymentPostprocessing = 0;
			shellPath = /bin/sh;
			shellScript = "\"${SRCROOT}/Pods/Target Support Files/Pods-FPSwift3/Pods-FPSwift3-frameworks.sh\"\n";
			showEnvVarsInLog = 0;
		};
/* End PBXShellScriptBuildPhase section */

/* Begin PBXSourcesBuildPhase section */
		06768E9A1DA70FDD00BE951F /* Sources */ = {
			isa = PBXSourcesBuildPhase;
			buildActionMask = 2147483647;
			files = (
				06768EA41DA70FDD00BE951F /* ViewController.swift in Sources */,
				06768EA21DA70FDD00BE951F /* AppDelegate.swift in Sources */,
				06768EC21DA7248E00BE951F /* Motivation.swift in Sources */,
			);
			runOnlyForDeploymentPostprocessing = 0;
		};
		06768EAE1DA70FDE00BE951F /* Sources */ = {
			isa = PBXSourcesBuildPhase;
			buildActionMask = 2147483647;
			files = (
				06768EB71DA70FDE00BE951F /* FPSwift3Tests.swift in Sources */,
			);
			runOnlyForDeploymentPostprocessing = 0;
		};
/* End PBXSourcesBuildPhase section */

/* Begin PBXTargetDependency section */
		06768EB41DA70FDE00BE951F /* PBXTargetDependency */ = {
			isa = PBXTargetDependency;
			target = 06768E9D1DA70FDD00BE951F /* FPSwift3 */;
			targetProxy = 06768EB31DA70FDE00BE951F /* PBXContainerItemProxy */;
		};
/* End PBXTargetDependency section */

/* Begin PBXVariantGroup section */
		06768EA51DA70FDD00BE951F /* Main.storyboard */ = {
			isa = PBXVariantGroup;
			children = (
				06768EA61DA70FDD00BE951F /* Base */,
			);
			name = Main.storyboard;
			sourceTree = "<group>";
		};
		06768EAA1DA70FDD00BE951F /* LaunchScreen.storyboard */ = {
			isa = PBXVariantGroup;
			children = (
				06768EAB1DA70FDD00BE951F /* Base */,
			);
			name = LaunchScreen.storyboard;
			sourceTree = "<group>";
		};
/* End PBXVariantGroup section */

/* Begin XCBuildConfiguration section */
		06768EB91DA70FDE00BE951F /* Debug */ = {
			isa = XCBuildConfiguration;
			buildSettings = {
				ALWAYS_SEARCH_USER_PATHS = NO;
				CLANG_ANALYZER_NONNULL = YES;
				CLANG_CXX_LANGUAGE_STANDARD = "gnu++0x";
				CLANG_CXX_LIBRARY = "libc++";
				CLANG_ENABLE_MODULES = YES;
				CLANG_ENABLE_OBJC_ARC = YES;
				CLANG_WARN_BOOL_CONVERSION = YES;
				CLANG_WARN_CONSTANT_CONVERSION = YES;
				CLANG_WARN_DIRECT_OBJC_ISA_USAGE = YES_ERROR;
				CLANG_WARN_DOCUMENTATION_COMMENTS = YES;
				CLANG_WARN_EMPTY_BODY = YES;
				CLANG_WARN_ENUM_CONVERSION = YES;
				CLANG_WARN_INFINITE_RECURSION = YES;
				CLANG_WARN_INT_CONVERSION = YES;
				CLANG_WARN_OBJC_ROOT_CLASS = YES_ERROR;
				CLANG_WARN_SUSPICIOUS_MOVES = YES;
				CLANG_WARN_UNREACHABLE_CODE = YES;
				CLANG_WARN__DUPLICATE_METHOD_MATCH = YES;
				"CODE_SIGN_IDENTITY[sdk=iphoneos*]" = "iPhone Developer";
				COPY_PHASE_STRIP = NO;
				DEBUG_INFORMATION_FORMAT = dwarf;
				ENABLE_STRICT_OBJC_MSGSEND = YES;
				ENABLE_TESTABILITY = YES;
				GCC_C_LANGUAGE_STANDARD = gnu99;
				GCC_DYNAMIC_NO_PIC = NO;
				GCC_NO_COMMON_BLOCKS = YES;
				GCC_OPTIMIZATION_LEVEL = 0;
				GCC_PREPROCESSOR_DEFINITIONS = (
					"DEBUG=1",
					"$(inherited)",
				);
				GCC_WARN_64_TO_32_BIT_CONVERSION = YES;
				GCC_WARN_ABOUT_RETURN_TYPE = YES_ERROR;
				GCC_WARN_UNDECLARED_SELECTOR = YES;
				GCC_WARN_UNINITIALIZED_AUTOS = YES_AGGRESSIVE;
				GCC_WARN_UNUSED_FUNCTION = YES;
				GCC_WARN_UNUSED_VARIABLE = YES;
				IPHONEOS_DEPLOYMENT_TARGET = 10.0;
				MTL_ENABLE_DEBUG_INFO = YES;
				ONLY_ACTIVE_ARCH = YES;
				SDKROOT = iphoneos;
				SWIFT_ACTIVE_COMPILATION_CONDITIONS = DEBUG;
				SWIFT_OPTIMIZATION_LEVEL = "-Onone";
				TARGETED_DEVICE_FAMILY = "1,2";
			};
			name = Debug;
		};
		06768EBA1DA70FDE00BE951F /* Release */ = {
			isa = XCBuildConfiguration;
			buildSettings = {
				ALWAYS_SEARCH_USER_PATHS = NO;
				CLANG_ANALYZER_NONNULL = YES;
				CLANG_CXX_LANGUAGE_STANDARD = "gnu++0x";
				CLANG_CXX_LIBRARY = "libc++";
				CLANG_ENABLE_MODULES = YES;
				CLANG_ENABLE_OBJC_ARC = YES;
				CLANG_WARN_BOOL_CONVERSION = YES;
				CLANG_WARN_CONSTANT_CONVERSION = YES;
				CLANG_WARN_DIRECT_OBJC_ISA_USAGE = YES_ERROR;
				CLANG_WARN_DOCUMENTATION_COMMENTS = YES;
				CLANG_WARN_EMPTY_BODY = YES;
				CLANG_WARN_ENUM_CONVERSION = YES;
				CLANG_WARN_INFINITE_RECURSION = YES;
				CLANG_WARN_INT_CONVERSION = YES;
				CLANG_WARN_OBJC_ROOT_CLASS = YES_ERROR;
				CLANG_WARN_SUSPICIOUS_MOVES = YES;
				CLANG_WARN_UNREACHABLE_CODE = YES;
				CLANG_WARN__DUPLICATE_METHOD_MATCH = YES;
				"CODE_SIGN_IDENTITY[sdk=iphoneos*]" = "iPhone Developer";
				COPY_PHASE_STRIP = NO;
				DEBUG_INFORMATION_FORMAT = "dwarf-with-dsym";
				ENABLE_NS_ASSERTIONS = NO;
				ENABLE_STRICT_OBJC_MSGSEND = YES;
				GCC_C_LANGUAGE_STANDARD = gnu99;
				GCC_NO_COMMON_BLOCKS = YES;
				GCC_WARN_64_TO_32_BIT_CONVERSION = YES;
				GCC_WARN_ABOUT_RETURN_TYPE = YES_ERROR;
				GCC_WARN_UNDECLARED_SELECTOR = YES;
				GCC_WARN_UNINITIALIZED_AUTOS = YES_AGGRESSIVE;
				GCC_WARN_UNUSED_FUNCTION = YES;
				GCC_WARN_UNUSED_VARIABLE = YES;
				IPHONEOS_DEPLOYMENT_TARGET = 10.0;
				MTL_ENABLE_DEBUG_INFO = NO;
				SDKROOT = iphoneos;
				SWIFT_OPTIMIZATION_LEVEL = "-Owholemodule";
				TARGETED_DEVICE_FAMILY = "1,2";
				VALIDATE_PRODUCT = YES;
			};
			name = Release;
		};
		06768EBC1DA70FDE00BE951F /* Debug */ = {
			isa = XCBuildConfiguration;
			baseConfigurationReference = ADBD15514B8BE79833602F61 /* Pods-FPSwift3.debug.xcconfig */;
			buildSettings = {
				ASSETCATALOG_COMPILER_APPICON_NAME = AppIcon;
				DEVELOPMENT_TEAM = 9BAHU39A66;
				INFOPLIST_FILE = FPSwift3/Info.plist;
				LD_RUNPATH_SEARCH_PATHS = "$(inherited) @executable_path/Frameworks";
				PRODUCT_BUNDLE_IDENTIFIER = com.blackfireapps.FPSwift3;
				PRODUCT_NAME = "$(TARGET_NAME)";
				SWIFT_VERSION = 3.0;
			};
			name = Debug;
		};
		06768EBD1DA70FDE00BE951F /* Release */ = {
			isa = XCBuildConfiguration;
			baseConfigurationReference = 33E9F76655E0D72F52E10B36 /* Pods-FPSwift3.release.xcconfig */;
			buildSettings = {
				ASSETCATALOG_COMPILER_APPICON_NAME = AppIcon;
				DEVELOPMENT_TEAM = 9BAHU39A66;
				INFOPLIST_FILE = FPSwift3/Info.plist;
				LD_RUNPATH_SEARCH_PATHS = "$(inherited) @executable_path/Frameworks";
				PRODUCT_BUNDLE_IDENTIFIER = com.blackfireapps.FPSwift3;
				PRODUCT_NAME = "$(TARGET_NAME)";
				SWIFT_VERSION = 3.0;
			};
			name = Release;
		};
		06768EBF1DA70FDE00BE951F /* Debug */ = {
			isa = XCBuildConfiguration;
			baseConfigurationReference = F368948A6B7967A35057B57E /* Pods-FPSwift3Tests.debug.xcconfig */;
			buildSettings = {
				ALWAYS_EMBED_SWIFT_STANDARD_LIBRARIES = YES;
				BUNDLE_LOADER = "$(TEST_HOST)";
				DEVELOPMENT_TEAM = 9BAHU39A66;
				INFOPLIST_FILE = FPSwift3Tests/Info.plist;
				LD_RUNPATH_SEARCH_PATHS = "$(inherited) @executable_path/Frameworks @loader_path/Frameworks";
				PRODUCT_BUNDLE_IDENTIFIER = com.blackfireapps.FPSwift3Tests;
				PRODUCT_NAME = "$(TARGET_NAME)";
				SWIFT_VERSION = 3.0;
				TEST_HOST = "$(BUILT_PRODUCTS_DIR)/FPSwift3.app/FPSwift3";
			};
			name = Debug;
		};
		06768EC01DA70FDE00BE951F /* Release */ = {
			isa = XCBuildConfiguration;
			baseConfigurationReference = 945250B03F1FB24CF3442BF8 /* Pods-FPSwift3Tests.release.xcconfig */;
			buildSettings = {
				ALWAYS_EMBED_SWIFT_STANDARD_LIBRARIES = YES;
				BUNDLE_LOADER = "$(TEST_HOST)";
				DEVELOPMENT_TEAM = 9BAHU39A66;
				INFOPLIST_FILE = FPSwift3Tests/Info.plist;
				LD_RUNPATH_SEARCH_PATHS = "$(inherited) @executable_path/Frameworks @loader_path/Frameworks";
				PRODUCT_BUNDLE_IDENTIFIER = com.blackfireapps.FPSwift3Tests;
				PRODUCT_NAME = "$(TARGET_NAME)";
				SWIFT_VERSION = 3.0;
				TEST_HOST = "$(BUILT_PRODUCTS_DIR)/FPSwift3.app/FPSwift3";
			};
			name = Release;
		};
/* End XCBuildConfiguration section */

/* Begin XCConfigurationList section */
		06768E991DA70FDD00BE951F /* Build configuration list for PBXProject "FPSwift3" */ = {
			isa = XCConfigurationList;
			buildConfigurations = (
				06768EB91DA70FDE00BE951F /* Debug */,
				06768EBA1DA70FDE00BE951F /* Release */,
			);
			defaultConfigurationIsVisible = 0;
			defaultConfigurationName = Release;
		};
		06768EBB1DA70FDE00BE951F /* Build configuration list for PBXNativeTarget "FPSwift3" */ = {
			isa = XCConfigurationList;
			buildConfigurations = (
				06768EBC1DA70FDE00BE951F /* Debug */,
				06768EBD1DA70FDE00BE951F /* Release */,
			);
			defaultConfigurationIsVisible = 0;
			defaultConfigurationName = Release;
		};
		06768EBE1DA70FDE00BE951F /* Build configuration list for PBXNativeTarget "FPSwift3Tests" */ = {
			isa = XCConfigurationList;
			buildConfigurations = (
				06768EBF1DA70FDE00BE951F /* Debug */,
				06768EC01DA70FDE00BE951F /* Release */,
			);
			defaultConfigurationIsVisible = 0;
			defaultConfigurationName = Release;
		};
/* End XCConfigurationList section */
	};
	rootObject = 06768E961DA70FDD00BE951F /* Project object */;
}
